<Solution>
  <Folder Name="/CDK/">
    <File Path="CDK\README.md" />
    <Project Path="CDK/Pokepad.Infra.Tests/Pokepad.Infra.Tests.csproj" />
    <Project Path="CDK/Pokepad.Infra/Pokepad.Infra.csproj" />
  </Folder>
  <Folder Name="/Data Generation/">
    <Project Path="Data Generation/Pokepad.DataGeneration/Pokepad.DataGeneration.csproj" />
    <Project Path="Data Generation/Pokepad.DataGeneration.Tests/Pokepad.DataGeneration.Tests.csproj" />
  </Folder>
  <Folder Name="/Project Files/">
    <File Path=".claude\settings.json" />
    <File Path=".gitignore" />
    <File Path="README.md" />
  </Folder>
  <Folder Name="/Services/" />
  <Folder Name="/Services/Pokepad.EmbeddingIndexer/">
    <Project Path="Services/Pokepad.EmbeddingIndexer.Tests/Pokepad.EmbeddingIndexer.Tests.csproj" />
    <Project Path="Services/Pokepad.EmbeddingIndexer/Pokepad.EmbeddingIndexer.csproj" />
  </Folder>
  <Folder Name="/Services/Pokepad.Gold.Api/">
    <Project Path="Services/Pokepad.Gold.Api.Tests/Pokepad.Gold.Api.Tests.csproj" />
    <Project Path="Services\Pokepad.Gold.Api\Pokepad.Gold.Api.csproj" />
  </Folder>
  <Folder Name="/Shared Libraries/">
    <Project Path="Shared Libraries/Pokepad.Models/Pokepad.Models.csproj" />
  </Folder>
</Solution>
